
Microsoft Visual Studio Solution File, Format Version 12.00
# Visual Studio Version 17
VisualStudioVersion = 17.14.36518.9 d17.14
MinimumVisualStudioVersion = 10.0.40219.1
Project("{FAE04EC0-301F-11D3-BF4B-00C04F79EFBC}") = "MyArrayProject", "MyArrayProject\MyArrayProject.csproj", "{844C684C-C55A-4C6B-A968-DF0761E1414E}"
EndProject
Global
	GlobalSection(SolutionConfigurationPlatforms) = preSolution
		Debug|Any CPU = Debug|Any CPU
		Release|Any CPU = Release|Any CPU
	EndGlobalSection
	GlobalSection(ProjectConfigurationPlatforms) = postSolution
		{844C684C-C55A-4C6B-A968-DF0761E1414E}.Debug|Any CPU.ActiveCfg = Debug|Any CPU
		{844C684C-C55A-4C6B-A968-DF0761E1414E}.Debug|Any CPU.Build.0 = Debug|Any CPU
		{844C684C-C55A-4C6B-A968-DF0761E1414E}.Release|Any CPU.ActiveCfg = Release|Any CPU
		{844C684C-C55A-4C6B-A968-DF0761E1414E}.Release|Any CPU.Build.0 = Release|Any CPU
	EndGlobalSection
	GlobalSection(SolutionProperties) = preSolution
		HideSolutionNode = FALSE
	EndGlobalSection
	GlobalSection(ExtensibilityGlobals) = postSolution
		SolutionGuid = {2BD0FA30-AEB0-4853-979F-951BD01B0CD3}
	EndGlobalSection
EndGlobal
