
Microsoft Visual Studio Solution File, Format Version 12.00
# Visual Studio Version 17
VisualStudioVersion = 17.14.36518.9 d17.14
MinimumVisualStudioVersion = 10.0.40219.1
Project("{FAE04EC0-301F-11D3-BF4B-00C04F79EFBC}") = "MyArrayProject", "MyArrayProject\MyArrayProject.csproj", "{844C684C-C55A-4C6B-A968-DF0761E1414E}"
EndProject
Project("{FAE04EC0-301F-11D3-BF4B-00C04F79EFBC}") = "MyListProject", "MyListProject\MyListProject.csproj", "{87D7677E-5E2D-4858-9C0D-2514C0421333}"
EndProject
Project("{FAE04EC0-301F-11D3-BF4B-00C04F79EFBC}") = "My2DArrayProject", "My2DArrayProject\My2DArrayProject.csproj", "{EC884DEE-E1EA-4DDF-B2DE-BD2035CA887F}"
EndProject
Project("{FAE04EC0-301F-11D3-BF4B-00C04F79EFBC}") = "StudentListProject", "StudentListProject\StudentListProject.csproj", "{16B3BDFE-C23B-435D-B2A1-571AD14EA93B}"
EndProject
Project("{FAE04EC0-301F-11D3-BF4B-00C04F79EFBC}") = "StudentListTest", "StudentListTest\StudentListTest.csproj", "{D5B4AE5C-8E9D-4D2C-A348-1364C1AE6D31}"
	ProjectSection(ProjectDependencies) = postProject
		{844C684C-C55A-4C6B-A968-DF0761E1414E} = {844C684C-C55A-4C6B-A968-DF0761E1414E}
		{87D7677E-5E2D-4858-9C0D-2514C0421333} = {87D7677E-5E2D-4858-9C0D-2514C0421333}
		{EC884DEE-E1EA-4DDF-B2DE-BD2035CA887F} = {EC884DEE-E1EA-4DDF-B2DE-BD2035CA887F}
	EndProjectSection
EndProject
Global
	GlobalSection(SolutionConfigurationPlatforms) = preSolution
		Debug|Any CPU = Debug|Any CPU
		Release|Any CPU = Release|Any CPU
	EndGlobalSection
	GlobalSection(ProjectConfigurationPlatforms) = postSolution
		{844C684C-C55A-4C6B-A968-DF0761E1414E}.Debug|Any CPU.ActiveCfg = Debug|Any CPU
		{844C684C-C55A-4C6B-A968-DF0761E1414E}.Debug|Any CPU.Build.0 = Debug|Any CPU
		{844C684C-C55A-4C6B-A968-DF0761E1414E}.Release|Any CPU.ActiveCfg = Release|Any CPU
		{844C684C-C55A-4C6B-A968-DF0761E1414E}.Release|Any CPU.Build.0 = Release|Any CPU
		{87D7677E-5E2D-4858-9C0D-2514C0421333}.Debug|Any CPU.ActiveCfg = Debug|Any CPU
		{87D7677E-5E2D-4858-9C0D-2514C0421333}.Debug|Any CPU.Build.0 = Debug|Any CPU
		{87D7677E-5E2D-4858-9C0D-2514C0421333}.Release|Any CPU.ActiveCfg = Release|Any CPU
		{87D7677E-5E2D-4858-9C0D-2514C0421333}.Release|Any CPU.Build.0 = Release|Any CPU
		{EC884DEE-E1EA-4DDF-B2DE-BD2035CA887F}.Debug|Any CPU.ActiveCfg = Debug|Any CPU
		{EC884DEE-E1EA-4DDF-B2DE-BD2035CA887F}.Debug|Any CPU.Build.0 = Debug|Any CPU
		{EC884DEE-E1EA-4DDF-B2DE-BD2035CA887F}.Release|Any CPU.ActiveCfg = Release|Any CPU
		{EC884DEE-E1EA-4DDF-B2DE-BD2035CA887F}.Release|Any CPU.Build.0 = Release|Any CPU
		{16B3BDFE-C23B-435D-B2A1-571AD14EA93B}.Debug|Any CPU.ActiveCfg = Debug|Any CPU
		{16B3BDFE-C23B-435D-B2A1-571AD14EA93B}.Debug|Any CPU.Build.0 = Debug|Any CPU
		{16B3BDFE-C23B-435D-B2A1-571AD14EA93B}.Release|Any CPU.ActiveCfg = Release|Any CPU
		{16B3BDFE-C23B-435D-B2A1-571AD14EA93B}.Release|Any CPU.Build.0 = Release|Any CPU
		{D5B4AE5C-8E9D-4D2C-A348-1364C1AE6D31}.Debug|Any CPU.ActiveCfg = Debug|Any CPU
		{D5B4AE5C-8E9D-4D2C-A348-1364C1AE6D31}.Debug|Any CPU.Build.0 = Debug|Any CPU
		{D5B4AE5C-8E9D-4D2C-A348-1364C1AE6D31}.Release|Any CPU.ActiveCfg = Release|Any CPU
		{D5B4AE5C-8E9D-4D2C-A348-1364C1AE6D31}.Release|Any CPU.Build.0 = Release|Any CPU
	EndGlobalSection
	GlobalSection(SolutionProperties) = preSolution
		HideSolutionNode = FALSE
	EndGlobalSection
	GlobalSection(ExtensibilityGlobals) = postSolution
		SolutionGuid = {2BD0FA30-AEB0-4853-979F-951BD01B0CD3}
	EndGlobalSection
EndGlobal
